
Microsoft Visual Studio Solution File, Format Version 12.00
# Visual Studio 15
VisualStudioVersion = 15.0.28010.2046
MinimumVisualStudioVersion = 10.0.40219.1
Project("{FAE04EC0-301F-11D3-BF4B-00C04F79EFBC}") = "App1.Android", "App1\App1.Android\App1.Android.csproj", "{53431C33-3888-4C3D-B8D4-D57328757355}"
EndProject
Project("{FAE04EC0-301F-11D3-BF4B-00C04F79EFBC}") = "App1.iOS", "App1\App1.iOS\App1.iOS.csproj", "{5D588ED6-D445-49BB-A8D3-AE9E5D6E368B}"
EndProject
Project("{9A19103F-16F7-4668-BE54-9A1E7A4F7556}") = "App1", "App1\App1\App1.csproj", "{B5969460-AC8E-46B9-9D1C-9E7C1FA37448}"
EndProject
Project("{FAE04EC0-301F-11D3-BF4B-00C04F79EFBC}") = "App1.API", "App1.API\App1.API.csproj", "{FFBEBD43-C38E-4B03-A645-50D12C38076C}"
EndProject
Project("{FAE04EC0-301F-11D3-BF4B-00C04F79EFBC}") = "App1.Domain", "App1.Domain\App1.Domain.csproj", "{CEBE92E2-0097-499F-9840-118DDA0F0172}"
EndProject
Project("{FAE04EC0-301F-11D3-BF4B-00C04F79EFBC}") = "App1.Backend", "App1.Backend\App1.Backend.csproj", "{D7D1BC4B-61AB-4692-BD67-5A0C2EB7DB3C}"
EndProject
Project("{FAE04EC0-301F-11D3-BF4B-00C04F79EFBC}") = "Common", "Common\Common.csproj", "{7BF12B32-1487-4110-9C10-B7AFBE1FB099}"
EndProject
Global
	GlobalSection(SolutionConfigurationPlatforms) = preSolution
		Ad-Hoc|Any CPU = Ad-Hoc|Any CPU
		Ad-Hoc|iPhone = Ad-Hoc|iPhone
		Ad-Hoc|iPhoneSimulator = Ad-Hoc|iPhoneSimulator
		AppStore|Any CPU = AppStore|Any CPU
		AppStore|iPhone = AppStore|iPhone
		AppStore|iPhoneSimulator = AppStore|iPhoneSimulator
		Debug|Any CPU = Debug|Any CPU
		Debug|iPhone = Debug|iPhone
		Debug|iPhoneSimulator = Debug|iPhoneSimulator
		Release|Any CPU = Release|Any CPU
		Release|iPhone = Release|iPhone
		Release|iPhoneSimulator = Release|iPhoneSimulator
	EndGlobalSection
	GlobalSection(ProjectConfigurationPlatforms) = postSolution
		{53431C33-3888-4C3D-B8D4-D57328757355}.Ad-Hoc|Any CPU.ActiveCfg = Release|Any CPU
		{53431C33-3888-4C3D-B8D4-D57328757355}.Ad-Hoc|Any CPU.Build.0 = Release|Any CPU
		{53431C33-3888-4C3D-B8D4-D57328757355}.Ad-Hoc|Any CPU.Deploy.0 = Release|Any CPU
		{53431C33-3888-4C3D-B8D4-D57328757355}.Ad-Hoc|iPhone.ActiveCfg = Release|Any CPU
		{53431C33-3888-4C3D-B8D4-D57328757355}.Ad-Hoc|iPhone.Build.0 = Release|Any CPU
		{53431C33-3888-4C3D-B8D4-D57328757355}.Ad-Hoc|iPhone.Deploy.0 = Release|Any CPU
		{53431C33-3888-4C3D-B8D4-D57328757355}.Ad-Hoc|iPhoneSimulator.ActiveCfg = Release|Any CPU
		{53431C33-3888-4C3D-B8D4-D57328757355}.Ad-Hoc|iPhoneSimulator.Build.0 = Release|Any CPU
		{53431C33-3888-4C3D-B8D4-D57328757355}.Ad-Hoc|iPhoneSimulator.Deploy.0 = Release|Any CPU
		{53431C33-3888-4C3D-B8D4-D57328757355}.AppStore|Any CPU.ActiveCfg = Release|Any CPU
		{53431C33-3888-4C3D-B8D4-D57328757355}.AppStore|Any CPU.Build.0 = Release|Any CPU
		{53431C33-3888-4C3D-B8D4-D57328757355}.AppStore|Any CPU.Deploy.0 = Release|Any CPU
		{53431C33-3888-4C3D-B8D4-D57328757355}.AppStore|iPhone.ActiveCfg = Release|Any CPU
		{53431C33-3888-4C3D-B8D4-D57328757355}.AppStore|iPhone.Build.0 = Release|Any CPU
		{53431C33-3888-4C3D-B8D4-D57328757355}.AppStore|iPhone.Deploy.0 = Release|Any CPU
		{53431C33-3888-4C3D-B8D4-D57328757355}.AppStore|iPhoneSimulator.ActiveCfg = Release|Any CPU
		{53431C33-3888-4C3D-B8D4-D57328757355}.AppStore|iPhoneSimulator.Build.0 = Release|Any CPU
		{53431C33-3888-4C3D-B8D4-D57328757355}.AppStore|iPhoneSimulator.Deploy.0 = Release|Any CPU
		{53431C33-3888-4C3D-B8D4-D57328757355}.Debug|Any CPU.ActiveCfg = Debug|Any CPU
		{53431C33-3888-4C3D-B8D4-D57328757355}.Debug|Any CPU.Build.0 = Debug|Any CPU
		{53431C33-3888-4C3D-B8D4-D57328757355}.Debug|Any CPU.Deploy.0 = Debug|Any CPU
		{53431C33-3888-4C3D-B8D4-D57328757355}.Debug|iPhone.ActiveCfg = Debug|Any CPU
		{53431C33-3888-4C3D-B8D4-D57328757355}.Debug|iPhone.Build.0 = Debug|Any CPU
		{53431C33-3888-4C3D-B8D4-D57328757355}.Debug|iPhone.Deploy.0 = Debug|Any CPU
		{53431C33-3888-4C3D-B8D4-D57328757355}.Debug|iPhoneSimulator.ActiveCfg = Debug|Any CPU
		{53431C33-3888-4C3D-B8D4-D57328757355}.Debug|iPhoneSimulator.Build.0 = Debug|Any CPU
		{53431C33-3888-4C3D-B8D4-D57328757355}.Debug|iPhoneSimulator.Deploy.0 = Debug|Any CPU
		{53431C33-3888-4C3D-B8D4-D57328757355}.Release|Any CPU.ActiveCfg = Release|Any CPU
		{53431C33-3888-4C3D-B8D4-D57328757355}.Release|Any CPU.Build.0 = Release|Any CPU
		{53431C33-3888-4C3D-B8D4-D57328757355}.Release|Any CPU.Deploy.0 = Release|Any CPU
		{53431C33-3888-4C3D-B8D4-D57328757355}.Release|iPhone.ActiveCfg = Release|Any CPU
		{53431C33-3888-4C3D-B8D4-D57328757355}.Release|iPhone.Build.0 = Release|Any CPU
		{53431C33-3888-4C3D-B8D4-D57328757355}.Release|iPhone.Deploy.0 = Release|Any CPU
		{53431C33-3888-4C3D-B8D4-D57328757355}.Release|iPhoneSimulator.ActiveCfg = Release|Any CPU
		{53431C33-3888-4C3D-B8D4-D57328757355}.Release|iPhoneSimulator.Build.0 = Release|Any CPU
		{53431C33-3888-4C3D-B8D4-D57328757355}.Release|iPhoneSimulator.Deploy.0 = Release|Any CPU
		{5D588ED6-D445-49BB-A8D3-AE9E5D6E368B}.Ad-Hoc|Any CPU.ActiveCfg = Ad-Hoc|iPhone
		{5D588ED6-D445-49BB-A8D3-AE9E5D6E368B}.Ad-Hoc|Any CPU.Build.0 = Ad-Hoc|iPhone
		{5D588ED6-D445-49BB-A8D3-AE9E5D6E368B}.Ad-Hoc|Any CPU.Deploy.0 = Ad-Hoc|iPhone
		{5D588ED6-D445-49BB-A8D3-AE9E5D6E368B}.Ad-Hoc|iPhone.ActiveCfg = Ad-Hoc|iPhone
		{5D588ED6-D445-49BB-A8D3-AE9E5D6E368B}.Ad-Hoc|iPhone.Build.0 = Ad-Hoc|iPhone
		{5D588ED6-D445-49BB-A8D3-AE9E5D6E368B}.Ad-Hoc|iPhone.Deploy.0 = Ad-Hoc|iPhone
		{5D588ED6-D445-49BB-A8D3-AE9E5D6E368B}.Ad-Hoc|iPhoneSimulator.ActiveCfg = Ad-Hoc|iPhoneSimulator
		{5D588ED6-D445-49BB-A8D3-AE9E5D6E368B}.Ad-Hoc|iPhoneSimulator.Build.0 = Ad-Hoc|iPhoneSimulator
		{5D588ED6-D445-49BB-A8D3-AE9E5D6E368B}.Ad-Hoc|iPhoneSimulator.Deploy.0 = Ad-Hoc|iPhoneSimulator
		{5D588ED6-D445-49BB-A8D3-AE9E5D6E368B}.AppStore|Any CPU.ActiveCfg = AppStore|iPhone
		{5D588ED6-D445-49BB-A8D3-AE9E5D6E368B}.AppStore|Any CPU.Build.0 = AppStore|iPhone
		{5D588ED6-D445-49BB-A8D3-AE9E5D6E368B}.AppStore|Any CPU.Deploy.0 = AppStore|iPhone
		{5D588ED6-D445-49BB-A8D3-AE9E5D6E368B}.AppStore|iPhone.ActiveCfg = AppStore|iPhone
		{5D588ED6-D445-49BB-A8D3-AE9E5D6E368B}.AppStore|iPhone.Build.0 = AppStore|iPhone
		{5D588ED6-D445-49BB-A8D3-AE9E5D6E368B}.AppStore|iPhone.Deploy.0 = AppStore|iPhone
		{5D588ED6-D445-49BB-A8D3-AE9E5D6E368B}.AppStore|iPhoneSimulator.ActiveCfg = AppStore|iPhoneSimulator
		{5D588ED6-D445-49BB-A8D3-AE9E5D6E368B}.AppStore|iPhoneSimulator.Build.0 = AppStore|iPhoneSimulator
		{5D588ED6-D445-49BB-A8D3-AE9E5D6E368B}.AppStore|iPhoneSimulator.Deploy.0 = AppStore|iPhoneSimulator
		{5D588ED6-D445-49BB-A8D3-AE9E5D6E368B}.Debug|Any CPU.ActiveCfg = Debug|iPhoneSimulator
		{5D588ED6-D445-49BB-A8D3-AE9E5D6E368B}.Debug|Any CPU.Deploy.0 = Debug|iPhoneSimulator
		{5D588ED6-D445-49BB-A8D3-AE9E5D6E368B}.Debug|iPhone.ActiveCfg = Debug|iPhone
		{5D588ED6-D445-49BB-A8D3-AE9E5D6E368B}.Debug|iPhone.Build.0 = Debug|iPhone
		{5D588ED6-D445-49BB-A8D3-AE9E5D6E368B}.Debug|iPhone.Deploy.0 = Debug|iPhone
		{5D588ED6-D445-49BB-A8D3-AE9E5D6E368B}.Debug|iPhoneSimulator.ActiveCfg = Debug|iPhoneSimulator
		{5D588ED6-D445-49BB-A8D3-AE9E5D6E368B}.Debug|iPhoneSimulator.Build.0 = Debug|iPhoneSimulator
		{5D588ED6-D445-49BB-A8D3-AE9E5D6E368B}.Debug|iPhoneSimulator.Deploy.0 = Debug|iPhoneSimulator
		{5D588ED6-D445-49BB-A8D3-AE9E5D6E368B}.Release|Any CPU.ActiveCfg = Release|iPhone
		{5D588ED6-D445-49BB-A8D3-AE9E5D6E368B}.Release|Any CPU.Build.0 = Release|iPhone
		{5D588ED6-D445-49BB-A8D3-AE9E5D6E368B}.Release|Any CPU.Deploy.0 = Release|iPhone
		{5D588ED6-D445-49BB-A8D3-AE9E5D6E368B}.Release|iPhone.ActiveCfg = Release|iPhone
		{5D588ED6-D445-49BB-A8D3-AE9E5D6E368B}.Release|iPhone.Build.0 = Release|iPhone
		{5D588ED6-D445-49BB-A8D3-AE9E5D6E368B}.Release|iPhone.Deploy.0 = Release|iPhone
		{5D588ED6-D445-49BB-A8D3-AE9E5D6E368B}.Release|iPhoneSimulator.ActiveCfg = Release|iPhoneSimulator
		{5D588ED6-D445-49BB-A8D3-AE9E5D6E368B}.Release|iPhoneSimulator.Build.0 = Release|iPhoneSimulator
		{5D588ED6-D445-49BB-A8D3-AE9E5D6E368B}.Release|iPhoneSimulator.Deploy.0 = Release|iPhoneSimulator
		{B5969460-AC8E-46B9-9D1C-9E7C1FA37448}.Ad-Hoc|Any CPU.ActiveCfg = Debug|Any CPU
		{B5969460-AC8E-46B9-9D1C-9E7C1FA37448}.Ad-Hoc|Any CPU.Build.0 = Debug|Any CPU
		{B5969460-AC8E-46B9-9D1C-9E7C1FA37448}.Ad-Hoc|Any CPU.Deploy.0 = Debug|Any CPU
		{B5969460-AC8E-46B9-9D1C-9E7C1FA37448}.Ad-Hoc|iPhone.ActiveCfg = Debug|Any CPU
		{B5969460-AC8E-46B9-9D1C-9E7C1FA37448}.Ad-Hoc|iPhone.Build.0 = Debug|Any CPU
		{B5969460-AC8E-46B9-9D1C-9E7C1FA37448}.Ad-Hoc|iPhone.Deploy.0 = Debug|Any CPU
		{B5969460-AC8E-46B9-9D1C-9E7C1FA37448}.Ad-Hoc|iPhoneSimulator.ActiveCfg = Debug|Any CPU
		{B5969460-AC8E-46B9-9D1C-9E7C1FA37448}.Ad-Hoc|iPhoneSimulator.Build.0 = Debug|Any CPU
		{B5969460-AC8E-46B9-9D1C-9E7C1FA37448}.Ad-Hoc|iPhoneSimulator.Deploy.0 = Debug|Any CPU
		{B5969460-AC8E-46B9-9D1C-9E7C1FA37448}.AppStore|Any CPU.ActiveCfg = Debug|Any CPU
		{B5969460-AC8E-46B9-9D1C-9E7C1FA37448}.AppStore|Any CPU.Build.0 = Debug|Any CPU
		{B5969460-AC8E-46B9-9D1C-9E7C1FA37448}.AppStore|Any CPU.Deploy.0 = Debug|Any CPU
		{B5969460-AC8E-46B9-9D1C-9E7C1FA37448}.AppStore|iPhone.ActiveCfg = Debug|Any CPU
		{B5969460-AC8E-46B9-9D1C-9E7C1FA37448}.AppStore|iPhone.Build.0 = Debug|Any CPU
		{B5969460-AC8E-46B9-9D1C-9E7C1FA37448}.AppStore|iPhone.Deploy.0 = Debug|Any CPU
		{B5969460-AC8E-46B9-9D1C-9E7C1FA37448}.AppStore|iPhoneSimulator.ActiveCfg = Debug|Any CPU
		{B5969460-AC8E-46B9-9D1C-9E7C1FA37448}.AppStore|iPhoneSimulator.Build.0 = Debug|Any CPU
		{B5969460-AC8E-46B9-9D1C-9E7C1FA37448}.AppStore|iPhoneSimulator.Deploy.0 = Debug|Any CPU
		{B5969460-AC8E-46B9-9D1C-9E7C1FA37448}.Debug|Any CPU.ActiveCfg = Debug|Any CPU
		{B5969460-AC8E-46B9-9D1C-9E7C1FA37448}.Debug|Any CPU.Build.0 = Debug|Any CPU
		{B5969460-AC8E-46B9-9D1C-9E7C1FA37448}.Debug|Any CPU.Deploy.0 = Debug|Any CPU
		{B5969460-AC8E-46B9-9D1C-9E7C1FA37448}.Debug|iPhone.ActiveCfg = Debug|Any CPU
		{B5969460-AC8E-46B9-9D1C-9E7C1FA37448}.Debug|iPhone.Build.0 = Debug|Any CPU
		{B5969460-AC8E-46B9-9D1C-9E7C1FA37448}.Debug|iPhone.Deploy.0 = Debug|Any CPU
		{B5969460-AC8E-46B9-9D1C-9E7C1FA37448}.Debug|iPhoneSimulator.ActiveCfg = Debug|Any CPU
		{B5969460-AC8E-46B9-9D1C-9E7C1FA37448}.Debug|iPhoneSimulator.Build.0 = Debug|Any CPU
		{B5969460-AC8E-46B9-9D1C-9E7C1FA37448}.Debug|iPhoneSimulator.Deploy.0 = Debug|Any CPU
		{B5969460-AC8E-46B9-9D1C-9E7C1FA37448}.Release|Any CPU.ActiveCfg = Release|Any CPU
		{B5969460-AC8E-46B9-9D1C-9E7C1FA37448}.Release|Any CPU.Build.0 = Release|Any CPU
		{B5969460-AC8E-46B9-9D1C-9E7C1FA37448}.Release|Any CPU.Deploy.0 = Release|Any CPU
		{B5969460-AC8E-46B9-9D1C-9E7C1FA37448}.Release|iPhone.ActiveCfg = Release|Any CPU
		{B5969460-AC8E-46B9-9D1C-9E7C1FA37448}.Release|iPhone.Build.0 = Release|Any CPU
		{B5969460-AC8E-46B9-9D1C-9E7C1FA37448}.Release|iPhone.Deploy.0 = Release|Any CPU
		{B5969460-AC8E-46B9-9D1C-9E7C1FA37448}.Release|iPhoneSimulator.ActiveCfg = Release|Any CPU
		{B5969460-AC8E-46B9-9D1C-9E7C1FA37448}.Release|iPhoneSimulator.Build.0 = Release|Any CPU
		{B5969460-AC8E-46B9-9D1C-9E7C1FA37448}.Release|iPhoneSimulator.Deploy.0 = Release|Any CPU
		{FFBEBD43-C38E-4B03-A645-50D12C38076C}.Ad-Hoc|Any CPU.ActiveCfg = Release|Any CPU
		{FFBEBD43-C38E-4B03-A645-50D12C38076C}.Ad-Hoc|Any CPU.Build.0 = Release|Any CPU
		{FFBEBD43-C38E-4B03-A645-50D12C38076C}.Ad-Hoc|iPhone.ActiveCfg = Release|Any CPU
		{FFBEBD43-C38E-4B03-A645-50D12C38076C}.Ad-Hoc|iPhone.Build.0 = Release|Any CPU
		{FFBEBD43-C38E-4B03-A645-50D12C38076C}.Ad-Hoc|iPhoneSimulator.ActiveCfg = Release|Any CPU
		{FFBEBD43-C38E-4B03-A645-50D12C38076C}.Ad-Hoc|iPhoneSimulator.Build.0 = Release|Any CPU
		{FFBEBD43-C38E-4B03-A645-50D12C38076C}.AppStore|Any CPU.ActiveCfg = Release|Any CPU
		{FFBEBD43-C38E-4B03-A645-50D12C38076C}.AppStore|Any CPU.Build.0 = Release|Any CPU
		{FFBEBD43-C38E-4B03-A645-50D12C38076C}.AppStore|iPhone.ActiveCfg = Release|Any CPU
		{FFBEBD43-C38E-4B03-A645-50D12C38076C}.AppStore|iPhone.Build.0 = Release|Any CPU
		{FFBEBD43-C38E-4B03-A645-50D12C38076C}.AppStore|iPhoneSimulator.ActiveCfg = Release|Any CPU
		{FFBEBD43-C38E-4B03-A645-50D12C38076C}.AppStore|iPhoneSimulator.Build.0 = Release|Any CPU
		{FFBEBD43-C38E-4B03-A645-50D12C38076C}.Debug|Any CPU.ActiveCfg = Debug|Any CPU
		{FFBEBD43-C38E-4B03-A645-50D12C38076C}.Debug|iPhone.ActiveCfg = Debug|Any CPU
		{FFBEBD43-C38E-4B03-A645-50D12C38076C}.Debug|iPhone.Build.0 = Debug|Any CPU
		{FFBEBD43-C38E-4B03-A645-50D12C38076C}.Debug|iPhoneSimulator.ActiveCfg = Debug|Any CPU
		{FFBEBD43-C38E-4B03-A645-50D12C38076C}.Debug|iPhoneSimulator.Build.0 = Debug|Any CPU
		{FFBEBD43-C38E-4B03-A645-50D12C38076C}.Release|Any CPU.ActiveCfg = Release|Any CPU
		{FFBEBD43-C38E-4B03-A645-50D12C38076C}.Release|Any CPU.Build.0 = Release|Any CPU
		{FFBEBD43-C38E-4B03-A645-50D12C38076C}.Release|iPhone.ActiveCfg = Release|Any CPU
		{FFBEBD43-C38E-4B03-A645-50D12C38076C}.Release|iPhone.Build.0 = Release|Any CPU
		{FFBEBD43-C38E-4B03-A645-50D12C38076C}.Release|iPhoneSimulator.ActiveCfg = Release|Any CPU
		{FFBEBD43-C38E-4B03-A645-50D12C38076C}.Release|iPhoneSimulator.Build.0 = Release|Any CPU
		{CEBE92E2-0097-499F-9840-118DDA0F0172}.Ad-Hoc|Any CPU.ActiveCfg = Release|Any CPU
		{CEBE92E2-0097-499F-9840-118DDA0F0172}.Ad-Hoc|Any CPU.Build.0 = Release|Any CPU
		{CEBE92E2-0097-499F-9840-118DDA0F0172}.Ad-Hoc|iPhone.ActiveCfg = Release|Any CPU
		{CEBE92E2-0097-499F-9840-118DDA0F0172}.Ad-Hoc|iPhone.Build.0 = Release|Any CPU
		{CEBE92E2-0097-499F-9840-118DDA0F0172}.Ad-Hoc|iPhoneSimulator.ActiveCfg = Release|Any CPU
		{CEBE92E2-0097-499F-9840-118DDA0F0172}.Ad-Hoc|iPhoneSimulator.Build.0 = Release|Any CPU
		{CEBE92E2-0097-499F-9840-118DDA0F0172}.AppStore|Any CPU.ActiveCfg = Release|Any CPU
		{CEBE92E2-0097-499F-9840-118DDA0F0172}.AppStore|Any CPU.Build.0 = Release|Any CPU
		{CEBE92E2-0097-499F-9840-118DDA0F0172}.AppStore|iPhone.ActiveCfg = Release|Any CPU
		{CEBE92E2-0097-499F-9840-118DDA0F0172}.AppStore|iPhone.Build.0 = Release|Any CPU
		{CEBE92E2-0097-499F-9840-118DDA0F0172}.AppStore|iPhoneSimulator.ActiveCfg = Release|Any CPU
		{CEBE92E2-0097-499F-9840-118DDA0F0172}.AppStore|iPhoneSimulator.Build.0 = Release|Any CPU
		{CEBE92E2-0097-499F-9840-118DDA0F0172}.Debug|Any CPU.ActiveCfg = Debug|Any CPU
		{CEBE92E2-0097-499F-9840-118DDA0F0172}.Debug|Any CPU.Build.0 = Debug|Any CPU
		{CEBE92E2-0097-499F-9840-118DDA0F0172}.Debug|iPhone.ActiveCfg = Debug|Any CPU
		{CEBE92E2-0097-499F-9840-118DDA0F0172}.Debug|iPhone.Build.0 = Debug|Any CPU
		{CEBE92E2-0097-499F-9840-118DDA0F0172}.Debug|iPhoneSimulator.ActiveCfg = Debug|Any CPU
		{CEBE92E2-0097-499F-9840-118DDA0F0172}.Debug|iPhoneSimulator.Build.0 = Debug|Any CPU
		{CEBE92E2-0097-499F-9840-118DDA0F0172}.Release|Any CPU.ActiveCfg = Release|Any CPU
		{CEBE92E2-0097-499F-9840-118DDA0F0172}.Release|Any CPU.Build.0 = Release|Any CPU
		{CEBE92E2-0097-499F-9840-118DDA0F0172}.Release|iPhone.ActiveCfg = Release|Any CPU
		{CEBE92E2-0097-499F-9840-118DDA0F0172}.Release|iPhone.Build.0 = Release|Any CPU
		{CEBE92E2-0097-499F-9840-118DDA0F0172}.Release|iPhoneSimulator.ActiveCfg = Release|Any CPU
		{CEBE92E2-0097-499F-9840-118DDA0F0172}.Release|iPhoneSimulator.Build.0 = Release|Any CPU
		{D7D1BC4B-61AB-4692-BD67-5A0C2EB7DB3C}.Ad-Hoc|Any CPU.ActiveCfg = Release|Any CPU
		{D7D1BC4B-61AB-4692-BD67-5A0C2EB7DB3C}.Ad-Hoc|Any CPU.Build.0 = Release|Any CPU
		{D7D1BC4B-61AB-4692-BD67-5A0C2EB7DB3C}.Ad-Hoc|iPhone.ActiveCfg = Release|Any CPU
		{D7D1BC4B-61AB-4692-BD67-5A0C2EB7DB3C}.Ad-Hoc|iPhone.Build.0 = Release|Any CPU
		{D7D1BC4B-61AB-4692-BD67-5A0C2EB7DB3C}.Ad-Hoc|iPhoneSimulator.ActiveCfg = Release|Any CPU
		{D7D1BC4B-61AB-4692-BD67-5A0C2EB7DB3C}.Ad-Hoc|iPhoneSimulator.Build.0 = Release|Any CPU
		{D7D1BC4B-61AB-4692-BD67-5A0C2EB7DB3C}.AppStore|Any CPU.ActiveCfg = Release|Any CPU
		{D7D1BC4B-61AB-4692-BD67-5A0C2EB7DB3C}.AppStore|Any CPU.Build.0 = Release|Any CPU
		{D7D1BC4B-61AB-4692-BD67-5A0C2EB7DB3C}.AppStore|iPhone.ActiveCfg = Release|Any CPU
		{D7D1BC4B-61AB-4692-BD67-5A0C2EB7DB3C}.AppStore|iPhone.Build.0 = Release|Any CPU
		{D7D1BC4B-61AB-4692-BD67-5A0C2EB7DB3C}.AppStore|iPhoneSimulator.ActiveCfg = Release|Any CPU
		{D7D1BC4B-61AB-4692-BD67-5A0C2EB7DB3C}.AppStore|iPhoneSimulator.Build.0 = Release|Any CPU
		{D7D1BC4B-61AB-4692-BD67-5A0C2EB7DB3C}.Debug|Any CPU.ActiveCfg = Debug|Any CPU
		{D7D1BC4B-61AB-4692-BD67-5A0C2EB7DB3C}.Debug|iPhone.ActiveCfg = Debug|Any CPU
		{D7D1BC4B-61AB-4692-BD67-5A0C2EB7DB3C}.Debug|iPhone.Build.0 = Debug|Any CPU
		{D7D1BC4B-61AB-4692-BD67-5A0C2EB7DB3C}.Debug|iPhoneSimulator.ActiveCfg = Debug|Any CPU
		{D7D1BC4B-61AB-4692-BD67-5A0C2EB7DB3C}.Debug|iPhoneSimulator.Build.0 = Debug|Any CPU
		{D7D1BC4B-61AB-4692-BD67-5A0C2EB7DB3C}.Release|Any CPU.ActiveCfg = Release|Any CPU
		{D7D1BC4B-61AB-4692-BD67-5A0C2EB7DB3C}.Release|Any CPU.Build.0 = Release|Any CPU
		{D7D1BC4B-61AB-4692-BD67-5A0C2EB7DB3C}.Release|iPhone.ActiveCfg = Release|Any CPU
		{D7D1BC4B-61AB-4692-BD67-5A0C2EB7DB3C}.Release|iPhone.Build.0 = Release|Any CPU
		{D7D1BC4B-61AB-4692-BD67-5A0C2EB7DB3C}.Release|iPhoneSimulator.ActiveCfg = Release|Any CPU
		{D7D1BC4B-61AB-4692-BD67-5A0C2EB7DB3C}.Release|iPhoneSimulator.Build.0 = Release|Any CPU
		{7BF12B32-1487-4110-9C10-B7AFBE1FB099}.Ad-Hoc|Any CPU.ActiveCfg = Release|Any CPU
		{7BF12B32-1487-4110-9C10-B7AFBE1FB099}.Ad-Hoc|Any CPU.Build.0 = Release|Any CPU
		{7BF12B32-1487-4110-9C10-B7AFBE1FB099}.Ad-Hoc|iPhone.ActiveCfg = Release|Any CPU
		{7BF12B32-1487-4110-9C10-B7AFBE1FB099}.Ad-Hoc|iPhone.Build.0 = Release|Any CPU
		{7BF12B32-1487-4110-9C10-B7AFBE1FB099}.Ad-Hoc|iPhoneSimulator.ActiveCfg = Release|Any CPU
		{7BF12B32-1487-4110-9C10-B7AFBE1FB099}.Ad-Hoc|iPhoneSimulator.Build.0 = Release|Any CPU
		{7BF12B32-1487-4110-9C10-B7AFBE1FB099}.AppStore|Any CPU.ActiveCfg = Release|Any CPU
		{7BF12B32-1487-4110-9C10-B7AFBE1FB099}.AppStore|Any CPU.Build.0 = Release|Any CPU
		{7BF12B32-1487-4110-9C10-B7AFBE1FB099}.AppStore|iPhone.ActiveCfg = Release|Any CPU
		{7BF12B32-1487-4110-9C10-B7AFBE1FB099}.AppStore|iPhone.Build.0 = Release|Any CPU
		{7BF12B32-1487-4110-9C10-B7AFBE1FB099}.AppStore|iPhoneSimulator.ActiveCfg = Release|Any CPU
		{7BF12B32-1487-4110-9C10-B7AFBE1FB099}.AppStore|iPhoneSimulator.Build.0 = Release|Any CPU
		{7BF12B32-1487-4110-9C10-B7AFBE1FB099}.Debug|Any CPU.ActiveCfg = Debug|Any CPU
		{7BF12B32-1487-4110-9C10-B7AFBE1FB099}.Debug|Any CPU.Build.0 = Debug|Any CPU
		{7BF12B32-1487-4110-9C10-B7AFBE1FB099}.Debug|iPhone.ActiveCfg = Debug|Any CPU
		{7BF12B32-1487-4110-9C10-B7AFBE1FB099}.Debug|iPhone.Build.0 = Debug|Any CPU
		{7BF12B32-1487-4110-9C10-B7AFBE1FB099}.Debug|iPhoneSimulator.ActiveCfg = Debug|Any CPU
		{7BF12B32-1487-4110-9C10-B7AFBE1FB099}.Debug|iPhoneSimulator.Build.0 = Debug|Any CPU
		{7BF12B32-1487-4110-9C10-B7AFBE1FB099}.Release|Any CPU.ActiveCfg = Release|Any CPU
		{7BF12B32-1487-4110-9C10-B7AFBE1FB099}.Release|Any CPU.Build.0 = Release|Any CPU
		{7BF12B32-1487-4110-9C10-B7AFBE1FB099}.Release|iPhone.ActiveCfg = Release|Any CPU
		{7BF12B32-1487-4110-9C10-B7AFBE1FB099}.Release|iPhone.Build.0 = Release|Any CPU
		{7BF12B32-1487-4110-9C10-B7AFBE1FB099}.Release|iPhoneSimulator.ActiveCfg = Release|Any CPU
		{7BF12B32-1487-4110-9C10-B7AFBE1FB099}.Release|iPhoneSimulator.Build.0 = Release|Any CPU
	EndGlobalSection
	GlobalSection(SolutionProperties) = preSolution
		HideSolutionNode = FALSE
	EndGlobalSection
	GlobalSection(ExtensibilityGlobals) = postSolution
		SolutionGuid = {8C84C344-A761-4B54-8E3E-6C59900BE534}
	EndGlobalSection
EndGlobal
